
Microsoft Visual Studio Solution File, Format Version 12.00
# Visual Studio Version 17
VisualStudioVersion = 17.4.33213.308
MinimumVisualStudioVersion = 10.0.40219.1
Project("{FAE04EC0-301F-11D3-BF4B-00C04F79EFBC}") = "finaltest1", "finaltest1.csproj", "{28FFE701-0DBC-446D-80E3-445DCF14EDA6}"
EndProject
Global
	GlobalSection(SolutionConfigurationPlatforms) = preSolution
		Debug|Any CPU = Debug|Any CPU
		Release|Any CPU = Release|Any CPU
	EndGlobalSection
	GlobalSection(ProjectConfigurationPlatforms) = postSolution
		{28FFE701-0DBC-446D-80E3-445DCF14EDA6}.Debug|Any CPU.ActiveCfg = Debug|Any CPU
		{28FFE701-0DBC-446D-80E3-445DCF14EDA6}.Debug|Any CPU.Build.0 = Debug|Any CPU
		{28FFE701-0DBC-446D-80E3-445DCF14EDA6}.Release|Any CPU.ActiveCfg = Release|Any CPU
		{28FFE701-0DBC-446D-80E3-445DCF14EDA6}.Release|Any CPU.Build.0 = Release|Any CPU
	EndGlobalSection
	GlobalSection(SolutionProperties) = preSolution
		HideSolutionNode = FALSE
	EndGlobalSection
	GlobalSection(ExtensibilityGlobals) = postSolution
		SolutionGuid = {C3AA53B3-A95F-481B-8BF1-BBE4BD97077C}
	EndGlobalSection
EndGlobal
